
Microsoft Visual Studio Solution File, Format Version 12.00
# Visual Studio Version 17
VisualStudioVersion = 17.3.32929.385
MinimumVisualStudioVersion = 10.0.40219.1
Project("{9A19103F-16F7-4668-BE54-9A1E7A4F7556}") = "FirstLesson", "FirstLesson\FirstLesson.csproj", "{C8F1B5FC-3A64-490A-898C-F3A81A19B97A}"
EndProject
Project("{9A19103F-16F7-4668-BE54-9A1E7A4F7556}") = "KeyboardTrainer", "KeyboardTrainer\KeyboardTrainer.csproj", "{8E3A120F-4D26-4616-B8BC-FADB937F96D3}"
EndProject
Project("{9A19103F-16F7-4668-BE54-9A1E7A4F7556}") = "ProgressBarSlider", "ProgressBarSlider\ProgressBarSlider.csproj", "{15E27C6A-DDDB-4392-8238-B3D4F78440B4}"
EndProject
Project("{9A19103F-16F7-4668-BE54-9A1E7A4F7556}") = "Calendar2", "Calendar2\Calendar2.csproj", "{9477DCA4-7760-44E1-AF53-E0CADFDC76C9}"
EndProject
Project("{9A19103F-16F7-4668-BE54-9A1E7A4F7556}") = "EventsProg", "EventsProg\EventsProg.csproj", "{4BA60306-6D42-4D4E-918C-43D8AA6707DB}"
EndProject
Project("{9A19103F-16F7-4668-BE54-9A1E7A4F7556}") = "Developments", "Developments\Developments.csproj", "{FA04855C-4DBC-4344-A951-3FEED461B8D1}"
EndProject
Project("{9A19103F-16F7-4668-BE54-9A1E7A4F7556}") = "Drawing", "Drawing\Drawing.csproj", "{94B18208-720F-428F-8CA8-A6996B8B0E4A}"
EndProject
Project("{FAE04EC0-301F-11D3-BF4B-00C04F79EFBC}") = "2048Game", "2048Game\2048Game.csproj", "{72463326-FAD7-4423-AA5D-B1DD5B9FC771}"
EndProject
Global
	GlobalSection(SolutionConfigurationPlatforms) = preSolution
		Debug|Any CPU = Debug|Any CPU
		Release|Any CPU = Release|Any CPU
	EndGlobalSection
	GlobalSection(ProjectConfigurationPlatforms) = postSolution
		{C8F1B5FC-3A64-490A-898C-F3A81A19B97A}.Debug|Any CPU.ActiveCfg = Debug|Any CPU
		{C8F1B5FC-3A64-490A-898C-F3A81A19B97A}.Debug|Any CPU.Build.0 = Debug|Any CPU
		{C8F1B5FC-3A64-490A-898C-F3A81A19B97A}.Release|Any CPU.ActiveCfg = Release|Any CPU
		{C8F1B5FC-3A64-490A-898C-F3A81A19B97A}.Release|Any CPU.Build.0 = Release|Any CPU
		{8E3A120F-4D26-4616-B8BC-FADB937F96D3}.Debug|Any CPU.ActiveCfg = Debug|Any CPU
		{8E3A120F-4D26-4616-B8BC-FADB937F96D3}.Debug|Any CPU.Build.0 = Debug|Any CPU
		{8E3A120F-4D26-4616-B8BC-FADB937F96D3}.Release|Any CPU.ActiveCfg = Release|Any CPU
		{8E3A120F-4D26-4616-B8BC-FADB937F96D3}.Release|Any CPU.Build.0 = Release|Any CPU
		{15E27C6A-DDDB-4392-8238-B3D4F78440B4}.Debug|Any CPU.ActiveCfg = Debug|Any CPU
		{15E27C6A-DDDB-4392-8238-B3D4F78440B4}.Debug|Any CPU.Build.0 = Debug|Any CPU
		{15E27C6A-DDDB-4392-8238-B3D4F78440B4}.Release|Any CPU.ActiveCfg = Release|Any CPU
		{15E27C6A-DDDB-4392-8238-B3D4F78440B4}.Release|Any CPU.Build.0 = Release|Any CPU
		{9477DCA4-7760-44E1-AF53-E0CADFDC76C9}.Debug|Any CPU.ActiveCfg = Debug|Any CPU
		{9477DCA4-7760-44E1-AF53-E0CADFDC76C9}.Debug|Any CPU.Build.0 = Debug|Any CPU
		{9477DCA4-7760-44E1-AF53-E0CADFDC76C9}.Release|Any CPU.ActiveCfg = Release|Any CPU
		{9477DCA4-7760-44E1-AF53-E0CADFDC76C9}.Release|Any CPU.Build.0 = Release|Any CPU
		{4BA60306-6D42-4D4E-918C-43D8AA6707DB}.Debug|Any CPU.ActiveCfg = Debug|Any CPU
		{4BA60306-6D42-4D4E-918C-43D8AA6707DB}.Debug|Any CPU.Build.0 = Debug|Any CPU
		{4BA60306-6D42-4D4E-918C-43D8AA6707DB}.Release|Any CPU.ActiveCfg = Release|Any CPU
		{4BA60306-6D42-4D4E-918C-43D8AA6707DB}.Release|Any CPU.Build.0 = Release|Any CPU
		{FA04855C-4DBC-4344-A951-3FEED461B8D1}.Debug|Any CPU.ActiveCfg = Debug|Any CPU
		{FA04855C-4DBC-4344-A951-3FEED461B8D1}.Debug|Any CPU.Build.0 = Debug|Any CPU
		{FA04855C-4DBC-4344-A951-3FEED461B8D1}.Release|Any CPU.ActiveCfg = Release|Any CPU
		{FA04855C-4DBC-4344-A951-3FEED461B8D1}.Release|Any CPU.Build.0 = Release|Any CPU
		{94B18208-720F-428F-8CA8-A6996B8B0E4A}.Debug|Any CPU.ActiveCfg = Debug|Any CPU
		{94B18208-720F-428F-8CA8-A6996B8B0E4A}.Debug|Any CPU.Build.0 = Debug|Any CPU
		{94B18208-720F-428F-8CA8-A6996B8B0E4A}.Release|Any CPU.ActiveCfg = Release|Any CPU
		{94B18208-720F-428F-8CA8-A6996B8B0E4A}.Release|Any CPU.Build.0 = Release|Any CPU
		{72463326-FAD7-4423-AA5D-B1DD5B9FC771}.Debug|Any CPU.ActiveCfg = Debug|Any CPU
		{72463326-FAD7-4423-AA5D-B1DD5B9FC771}.Debug|Any CPU.Build.0 = Debug|Any CPU
		{72463326-FAD7-4423-AA5D-B1DD5B9FC771}.Release|Any CPU.ActiveCfg = Release|Any CPU
		{72463326-FAD7-4423-AA5D-B1DD5B9FC771}.Release|Any CPU.Build.0 = Release|Any CPU
	EndGlobalSection
	GlobalSection(SolutionProperties) = preSolution
		HideSolutionNode = FALSE
	EndGlobalSection
	GlobalSection(ExtensibilityGlobals) = postSolution
		SolutionGuid = {94F125F6-6E8D-4294-BBD4-45A348160D14}
	EndGlobalSection
EndGlobal
